
Microsoft Visual Studio Solution File, Format Version 12.00
# Visual Studio 15
VisualStudioVersion = 15.0.27004.2006
MinimumVisualStudioVersion = 10.0.40219.1
Project("{FAE04EC0-301F-11D3-BF4B-00C04F79EFBC}") = "remove_string_from_files", "remove_string_from_files/remove_string_from_files.csproj", "{D16E5D69-729A-456D-946C-83F5B4A70D5A}"
EndProject
Global
	GlobalSection(SolutionConfigurationPlatforms) = preSolution
		Debug|x86 = Debug|x86
		Release|x86 = Release|x86
	EndGlobalSection
	GlobalSection(ProjectConfigurationPlatforms) = postSolution
		{D16E5D69-729A-456D-946C-83F5B4A70D5A}.Debug|x86.ActiveCfg = Debug|x86
		{D16E5D69-729A-456D-946C-83F5B4A70D5A}.Debug|x86.Build.0 = Debug|x86
		{D16E5D69-729A-456D-946C-83F5B4A70D5A}.Release|x86.ActiveCfg = Release|x86
		{D16E5D69-729A-456D-946C-83F5B4A70D5A}.Release|x86.Build.0 = Release|x86
	EndGlobalSection
	GlobalSection(SolutionProperties) = preSolution
		HideSolutionNode = FALSE
	EndGlobalSection
	GlobalSection(ExtensibilityGlobals) = postSolution
		SolutionGuid = {440F38D2-F3DF-475C-A249-B90C4D546458}
	EndGlobalSection
EndGlobal
